// !$*UTF8*$!
{
	archiveVersion = 1;
	classes = {
	};
	objectVersion = 55;
	objects = {

/* Begin PBXBuildFile section */
		7DD9C590275E70ED00D5A5A8 /* Dog_ApppApp.swift in Sources */ = {isa = PBXBuildFile; fileRef = 7DD9C58F275E70ED00D5A5A8 /* Dog_ApppApp.swift */; };
		7DD9C594275E70EE00D5A5A8 /* Assets.xcassets in Resources */ = {isa = PBXBuildFile; fileRef = 7DD9C593275E70EE00D5A5A8 /* Assets.xcassets */; };
		7DD9C597275E70EE00D5A5A8 /* Preview Assets.xcassets in Resources */ = {isa = PBXBuildFile; fileRef = 7DD9C596275E70EE00D5A5A8 /* Preview Assets.xcassets */; };
		7DD9C5A0275E710F00D5A5A8 /* DetailView.swift in Sources */ = {isa = PBXBuildFile; fileRef = 7DD9C59F275E710F00D5A5A8 /* DetailView.swift */; };
		7DD9C5A2275E712700D5A5A8 /* PersonViews.swift in Sources */ = {isa = PBXBuildFile; fileRef = 7DD9C5A1275E712700D5A5A8 /* PersonViews.swift */; };
		7DD9C5A4275E714900D5A5A8 /* PHPickerViewController.swift in Sources */ = {isa = PBXBuildFile; fileRef = 7DD9C5A3275E714900D5A5A8 /* PHPickerViewController.swift */; };
		7DD9C5A6275E715800D5A5A8 /* Tab.swift in Sources */ = {isa = PBXBuildFile; fileRef = 7DD9C5A5275E715800D5A5A8 /* Tab.swift */; };
		7DD9C5AA275E719D00D5A5A8 /* Users.swift in Sources */ = {isa = PBXBuildFile; fileRef = 7DD9C5A9275E719D00D5A5A8 /* Users.swift */; };
		7DD9C5AC275E71B400D5A5A8 /* Person.swift in Sources */ = {isa = PBXBuildFile; fileRef = 7DD9C5AB275E71B400D5A5A8 /* Person.swift */; };
/* End PBXBuildFile section */

/* Begin PBXFileReference section */
		7DD9C58C275E70ED00D5A5A8 /* Dog Appp.app */ = {isa = PBXFileReference; explicitFileType = wrapper.application; includeInIndex = 0; path = "Dog Appp.app"; sourceTree = BUILT_PRODUCTS_DIR; };
		7DD9C58F275E70ED00D5A5A8 /* Dog_ApppApp.swift */ = {isa = PBXFileReference; lastKnownFileType = sourcecode.swift; path = Dog_ApppApp.swift; sourceTree = "<group>"; };
		7DD9C593275E70EE00D5A5A8 /* Assets.xcassets */ = {isa = PBXFileReference; lastKnownFileType = folder.assetcatalog; path = Assets.xcassets; sourceTree = "<group>"; };
		7DD9C596275E70EE00D5A5A8 /* Preview Assets.xcassets */ = {isa = PBXFileReference; lastKnownFileType = folder.assetcatalog; path = "Preview Assets.xcassets"; sourceTree = "<group>"; };
		7DD9C59F275E710F00D5A5A8 /* DetailView.swift */ = {isa = PBXFileReference; lastKnownFileType = sourcecode.swift; path = DetailView.swift; sourceTree = "<group>"; };
		7DD9C5A1275E712700D5A5A8 /* PersonViews.swift */ = {isa = PBXFileReference; lastKnownFileType = sourcecode.swift; path = PersonViews.swift; sourceTree = "<group>"; };
		7DD9C5A3275E714900D5A5A8 /* PHPickerViewController.swift */ = {isa = PBXFileReference; lastKnownFileType = sourcecode.swift; path = PHPickerViewController.swift; sourceTree = "<group>"; };
		7DD9C5A5275E715800D5A5A8 /* Tab.swift */ = {isa = PBXFileReference; lastKnownFileType = sourcecode.swift; path = Tab.swift; sourceTree = "<group>"; };
		7DD9C5A9275E719D00D5A5A8 /* Users.swift */ = {isa = PBXFileReference; lastKnownFileType = sourcecode.swift; path = Users.swift; sourceTree = "<group>"; };
		7DD9C5AB275E71B400D5A5A8 /* Person.swift */ = {isa = PBXFileReference; lastKnownFileType = sourcecode.swift; path = Person.swift; sourceTree = "<group>"; };
/* End PBXFileReference section */

/* Begin PBXFrameworksBuildPhase section */
		7DD9C589275E70ED00D5A5A8 /* Frameworks */ = {
			isa = PBXFrameworksBuildPhase;
			buildActionMask = 2147483647;
			files = (
			);
			runOnlyForDeploymentPostprocessing = 0;
		};
/* End PBXFrameworksBuildPhase section */

/* Begin PBXGroup section */
		7DD9C583275E70ED00D5A5A8 = {
			isa = PBXGroup;
			children = (
				7DD9C58E275E70ED00D5A5A8 /* Dog Appp */,
				7DD9C58D275E70ED00D5A5A8 /* Products */,
			);
			sourceTree = "<group>";
		};
		7DD9C58D275E70ED00D5A5A8 /* Products */ = {
			isa = PBXGroup;
			children = (
				7DD9C58C275E70ED00D5A5A8 /* Dog Appp.app */,
			);
			name = Products;
			sourceTree = "<group>";
		};
		7DD9C58E275E70ED00D5A5A8 /* Dog Appp */ = {
			isa = PBXGroup;
			children = (
				7DD9C59D275E70F600D5A5A8 /* Views */,
				7DD9C58F275E70ED00D5A5A8 /* Dog_ApppApp.swift */,
				7DD9C593275E70EE00D5A5A8 /* Assets.xcassets */,
				7DD9C595275E70EE00D5A5A8 /* Preview Content */,
				7DD9C5A9275E719D00D5A5A8 /* Users.swift */,
				7DD9C5AB275E71B400D5A5A8 /* Person.swift */,
			);
			path = "Dog Appp";
			sourceTree = "<group>";
		};
		7DD9C595275E70EE00D5A5A8 /* Preview Content */ = {
			isa = PBXGroup;
			children = (
				7DD9C596275E70EE00D5A5A8 /* Preview Assets.xcassets */,
			);
			path = "Preview Content";
			sourceTree = "<group>";
		};
		7DD9C59D275E70F600D5A5A8 /* Views */ = {
			isa = PBXGroup;
			children = (
				7DD9C59F275E710F00D5A5A8 /* DetailView.swift */,
				7DD9C5A1275E712700D5A5A8 /* PersonViews.swift */,
				7DD9C5A3275E714900D5A5A8 /* PHPickerViewController.swift */,
				7DD9C5A5275E715800D5A5A8 /* Tab.swift */,
			);
			path = Views;
			sourceTree = "<group>";
		};
/* End PBXGroup section */

/* Begin PBXNativeTarget section */
		7DD9C58B275E70ED00D5A5A8 /* Dog Appp */ = {
			isa = PBXNativeTarget;
			buildConfigurationList = 7DD9C59A275E70EE00D5A5A8 /* Build configuration list for PBXNativeTarget "Dog Appp" */;
			buildPhases = (
				7DD9C588275E70ED00D5A5A8 /* Sources */,
				7DD9C589275E70ED00D5A5A8 /* Frameworks */,
				7DD9C58A275E70ED00D5A5A8 /* Resources */,
			);
			buildRules = (
			);
			dependencies = (
			);
			name = "Dog Appp";
			productName = "Dog Appp";
			productReference = 7DD9C58C275E70ED00D5A5A8 /* Dog Appp.app */;
			productType = "com.apple.product-type.application";
		};
/* End PBXNativeTarget section */

/* Begin PBXProject section */
		7DD9C584275E70ED00D5A5A8 /* Project object */ = {
			isa = PBXProject;
			attributes = {
				BuildIndependentTargetsInParallel = 1;
				LastSwiftUpdateCheck = 1310;
				LastUpgradeCheck = 1310;
				TargetAttributes = {
					7DD9C58B275E70ED00D5A5A8 = {
						CreatedOnToolsVersion = 13.1;
					};
				};
			};
			buildConfigurationList = 7DD9C587275E70ED00D5A5A8 /* Build configuration list for PBXProject "Dog Appp" */;
			compatibilityVersion = "Xcode 13.0";
			developmentRegion = en;
			hasScannedForEncodings = 0;
			knownRegions = (
				en,
				Base,
			);
			mainGroup = 7DD9C583275E70ED00D5A5A8;
			productRefGroup = 7DD9C58D275E70ED00D5A5A8 /* Products */;
			projectDirPath = "";
			projectRoot = "";
			targets = (
				7DD9C58B275E70ED00D5A5A8 /* Dog Appp */,
			);
		};
/* End PBXProject section */

/* Begin PBXResourcesBuildPhase section */
		7DD9C58A275E70ED00D5A5A8 /* Resources */ = {
			isa = PBXResourcesBuildPhase;
			buildActionMask = 2147483647;
			files = (
				7DD9C597275E70EE00D5A5A8 /* Preview Assets.xcassets in Resources */,
				7DD9C594275E70EE00D5A5A8 /* Assets.xcassets in Resources */,
			);
			runOnlyForDeploymentPostprocessing = 0;
		};
/* End PBXResourcesBuildPhase section */

/* Begin PBXSourcesBuildPhase section */
		7DD9C588275E70ED00D5A5A8 /* Sources */ = {
			isa = PBXSourcesBuildPhase;
			buildActionMask = 2147483647;
			files = (
				7DD9C5A2275E712700D5A5A8 /* PersonViews.swift in Sources */,
				7DD9C590275E70ED00D5A5A8 /* Dog_ApppApp.swift in Sources */,
				7DD9C5A6275E715800D5A5A8 /* Tab.swift in Sources */,
				7DD9C5A4275E714900D5A5A8 /* PHPickerViewController.swift in Sources */,
				7DD9C5A0275E710F00D5A5A8 /* DetailView.swift in Sources */,
				7DD9C5AC275E71B400D5A5A8 /* Person.swift in Sources */,
				7DD9C5AA275E719D00D5A5A8 /* Users.swift in Sources */,
			);
			runOnlyForDeploymentPostprocessing = 0;
		};
/* End PBXSourcesBuildPhase section */

/* Begin XCBuildConfiguration section */
		7DD9C598275E70EE00D5A5A8 /* Debug */ = {
			isa = XCBuildConfiguration;
			buildSettings = {
				ALWAYS_SEARCH_USER_PATHS = NO;
				CLANG_ANALYZER_NONNULL = YES;
				CLANG_ANALYZER_NUMBER_OBJECT_CONVERSION = YES_AGGRESSIVE;
				CLANG_CXX_LANGUAGE_STANDARD = "gnu++17";
				CLANG_CXX_LIBRARY = "libc++";
				CLANG_ENABLE_MODULES = YES;
				CLANG_ENABLE_OBJC_ARC = YES;
				CLANG_ENABLE_OBJC_WEAK = YES;
				CLANG_WARN_BLOCK_CAPTURE_AUTORELEASING = YES;
				CLANG_WARN_BOOL_CONVERSION = YES;
				CLANG_WARN_COMMA = YES;
				CLANG_WARN_CONSTANT_CONVERSION = YES;
				CLANG_WARN_DEPRECATED_OBJC_IMPLEMENTATIONS = YES;
				CLANG_WARN_DIRECT_OBJC_ISA_USAGE = YES_ERROR;
				CLANG_WARN_DOCUMENTATION_COMMENTS = YES;
				CLANG_WARN_EMPTY_BODY = YES;
				CLANG_WARN_ENUM_CONVERSION = YES;
				CLANG_WARN_INFINITE_RECURSION = YES;
				CLANG_WARN_INT_CONVERSION = YES;
				CLANG_WARN_NON_LITERAL_NULL_CONVERSION = YES;
				CLANG_WARN_OBJC_IMPLICIT_RETAIN_SELF = YES;
				CLANG_WARN_OBJC_LITERAL_CONVERSION = YES;
				CLANG_WARN_OBJC_ROOT_CLASS = YES_ERROR;
				CLANG_WARN_QUOTED_INCLUDE_IN_FRAMEWORK_HEADER = YES;
				CLANG_WARN_RANGE_LOOP_ANALYSIS = YES;
				CLANG_WARN_STRICT_PROTOTYPES = YES;
				CLANG_WARN_SUSPICIOUS_MOVE = YES;
				CLANG_WARN_UNGUARDED_AVAILABILITY = YES_AGGRESSIVE;
				CLANG_WARN_UNREACHABLE_CODE = YES;
				CLANG_WARN__DUPLICATE_METHOD_MATCH = YES;
				COPY_PHASE_STRIP = NO;
				DEBUG_INFORMATION_FORMAT = dwarf;
				ENABLE_STRICT_OBJC_MSGSEND = YES;
				ENABLE_TESTABILITY = YES;
				GCC_C_LANGUAGE_STANDARD = gnu11;
				GCC_DYNAMIC_NO_PIC = NO;
				GCC_NO_COMMON_BLOCKS = YES;
				GCC_OPTIMIZATION_LEVEL = 0;
				GCC_PREPROCESSOR_DEFINITIONS = (
					"DEBUG=1",
					"$(inherited)",
				);
				GCC_WARN_64_TO_32_BIT_CONVERSION = YES;
				GCC_WARN_ABOUT_RETURN_TYPE = YES_ERROR;
				GCC_WARN_UNDECLARED_SELECTOR = YES;
				GCC_WARN_UNINITIALIZED_AUTOS = YES_AGGRESSIVE;
				GCC_WARN_UNUSED_FUNCTION = YES;
				GCC_WARN_UNUSED_VARIABLE = YES;
				IPHONEOS_DEPLOYMENT_TARGET = 15.0;
				MTL_ENABLE_DEBUG_INFO = INCLUDE_SOURCE;
				MTL_FAST_MATH = YES;
				ONLY_ACTIVE_ARCH = YES;
				SDKROOT = iphoneos;
				SWIFT_ACTIVE_COMPILATION_CONDITIONS = DEBUG;
				SWIFT_OPTIMIZATION_LEVEL = "-Onone";
			};
			name = Debug;
		};
		7DD9C599275E70EE00D5A5A8 /* Release */ = {
			isa = XCBuildConfiguration;
			buildSettings = {
				ALWAYS_SEARCH_USER_PATHS = NO;
				CLANG_ANALYZER_NONNULL = YES;
				CLANG_ANALYZER_NUMBER_OBJECT_CONVERSION = YES_AGGRESSIVE;
				CLANG_CXX_LANGUAGE_STANDARD = "gnu++17";
				CLANG_CXX_LIBRARY = "libc++";
				CLANG_ENABLE_MODULES = YES;
				CLANG_ENABLE_OBJC_ARC = YES;
				CLANG_ENABLE_OBJC_WEAK = YES;
				CLANG_WARN_BLOCK_CAPTURE_AUTORELEASING = YES;
				CLANG_WARN_BOOL_CONVERSION = YES;
				CLANG_WARN_COMMA = YES;
				CLANG_WARN_CONSTANT_CONVERSION = YES;
				CLANG_WARN_DEPRECATED_OBJC_IMPLEMENTATIONS = YES;
				CLANG_WARN_DIRECT_OBJC_ISA_USAGE = YES_ERROR;
				CLANG_WARN_DOCUMENTATION_COMMENTS = YES;
				CLANG_WARN_EMPTY_BODY = YES;
				CLANG_WARN_ENUM_CONVERSION = YES;
				CLANG_WARN_INFINITE_RECURSION = YES;
				CLANG_WARN_INT_CONVERSION = YES;
				CLANG_WARN_NON_LITERAL_NULL_CONVERSION = YES;
				CLANG_WARN_OBJC_IMPLICIT_RETAIN_SELF = YES;
				CLANG_WARN_OBJC_LITERAL_CONVERSION = YES;
				CLANG_WARN_OBJC_ROOT_CLASS = YES_ERROR;
				CLANG_WARN_QUOTED_INCLUDE_IN_FRAMEWORK_HEADER = YES;
				CLANG_WARN_RANGE_LOOP_ANALYSIS = YES;
				CLANG_WARN_STRICT_PROTOTYPES = YES;
				CLANG_WARN_SUSPICIOUS_MOVE = YES;
				CLANG_WARN_UNGUARDED_AVAILABILITY = YES_AGGRESSIVE;
				CLANG_WARN_UNREACHABLE_CODE = YES;
				CLANG_WARN__DUPLICATE_METHOD_MATCH = YES;
				COPY_PHASE_STRIP = NO;
				DEBUG_INFORMATION_FORMAT = "dwarf-with-dsym";
				ENABLE_NS_ASSERTIONS = NO;
				ENABLE_STRICT_OBJC_MSGSEND = YES;
				GCC_C_LANGUAGE_STANDARD = gnu11;
				GCC_NO_COMMON_BLOCKS = YES;
				GCC_WARN_64_TO_32_BIT_CONVERSION = YES;
				GCC_WARN_ABOUT_RETURN_TYPE = YES_ERROR;
				GCC_WARN_UNDECLARED_SELECTOR = YES;
				GCC_WARN_UNINITIALIZED_AUTOS = YES_AGGRESSIVE;
				GCC_WARN_UNUSED_FUNCTION = YES;
				GCC_WARN_UNUSED_VARIABLE = YES;
				IPHONEOS_DEPLOYMENT_TARGET = 15.0;
				MTL_ENABLE_DEBUG_INFO = NO;
				MTL_FAST_MATH = YES;
				SDKROOT = iphoneos;
				SWIFT_COMPILATION_MODE = wholemodule;
				SWIFT_OPTIMIZATION_LEVEL = "-O";
				VALIDATE_PRODUCT = YES;
			};
			name = Release;
		};
		7DD9C59B275E70EE00D5A5A8 /* Debug */ = {
			isa = XCBuildConfiguration;
			buildSettings = {
				ASSETCATALOG_COMPILER_APPICON_NAME = AppIcon;
				ASSETCATALOG_COMPILER_GLOBAL_ACCENT_COLOR_NAME = AccentColor;
				CODE_SIGN_STYLE = Automatic;
				CURRENT_PROJECT_VERSION = 1;
				DEVELOPMENT_ASSET_PATHS = "\"Dog Appp/Preview Content\"";
				DEVELOPMENT_TEAM = DX5ARR6JX4;
				ENABLE_PREVIEWS = YES;
				GENERATE_INFOPLIST_FILE = YES;
				INFOPLIST_KEY_UIApplicationSceneManifest_Generation = YES;
				INFOPLIST_KEY_UIApplicationSupportsIndirectInputEvents = YES;
				INFOPLIST_KEY_UILaunchScreen_Generation = YES;
				INFOPLIST_KEY_UISupportedInterfaceOrientations_iPad = "UIInterfaceOrientationPortrait UIInterfaceOrientationPortraitUpsideDown UIInterfaceOrientationLandscapeLeft UIInterfaceOrientationLandscapeRight";
				INFOPLIST_KEY_UISupportedInterfaceOrientations_iPhone = "UIInterfaceOrientationPortrait UIInterfaceOrientationLandscapeLeft UIInterfaceOrientationLandscapeRight";
				LD_RUNPATH_SEARCH_PATHS = (
					"$(inherited)",
					"@executable_path/Frameworks",
				);
				MARKETING_VERSION = 1.0;
				PRODUCT_BUNDLE_IDENTIFIER = "idk.Dog-Appp";
				PRODUCT_NAME = "$(TARGET_NAME)";
				SWIFT_EMIT_LOC_STRINGS = YES;
				SWIFT_VERSION = 5.0;
				TARGETED_DEVICE_FAMILY = "1,2";
			};
			name = Debug;
		};
		7DD9C59C275E70EE00D5A5A8 /* Release */ = {
			isa = XCBuildConfiguration;
			buildSettings = {
				ASSETCATALOG_COMPILER_APPICON_NAME = AppIcon;
				ASSETCATALOG_COMPILER_GLOBAL_ACCENT_COLOR_NAME = AccentColor;
				CODE_SIGN_STYLE = Automatic;
				CURRENT_PROJECT_VERSION = 1;
				DEVELOPMENT_ASSET_PATHS = "\"Dog Appp/Preview Content\"";
				DEVELOPMENT_TEAM = DX5ARR6JX4;
				ENABLE_PREVIEWS = YES;
				GENERATE_INFOPLIST_FILE = YES;
				INFOPLIST_KEY_UIApplicationSceneManifest_Generation = YES;
				INFOPLIST_KEY_UIApplicationSupportsIndirectInputEvents = YES;
				INFOPLIST_KEY_UILaunchScreen_Generation = YES;
				INFOPLIST_KEY_UISupportedInterfaceOrientations_iPad = "UIInterfaceOrientationPortrait UIInterfaceOrientationPortraitUpsideDown UIInterfaceOrientationLandscapeLeft UIInterfaceOrientationLandscapeRight";
				INFOPLIST_KEY_UISupportedInterfaceOrientations_iPhone = "UIInterfaceOrientationPortrait UIInterfaceOrientationLandscapeLeft UIInterfaceOrientationLandscapeRight";
				LD_RUNPATH_SEARCH_PATHS = (
					"$(inherited)",
					"@executable_path/Frameworks",
				);
				MARKETING_VERSION = 1.0;
				PRODUCT_BUNDLE_IDENTIFIER = "idk.Dog-Appp";
				PRODUCT_NAME = "$(TARGET_NAME)";
				SWIFT_EMIT_LOC_STRINGS = YES;
				SWIFT_VERSION = 5.0;
				TARGETED_DEVICE_FAMILY = "1,2";
			};
			name = Release;
		};
/* End XCBuildConfiguration section */

/* Begin XCConfigurationList section */
		7DD9C587275E70ED00D5A5A8 /* Build configuration list for PBXProject "Dog Appp" */ = {
			isa = XCConfigurationList;
			buildConfigurations = (
				7DD9C598275E70EE00D5A5A8 /* Debug */,
				7DD9C599275E70EE00D5A5A8 /* Release */,
			);
			defaultConfigurationIsVisible = 0;
			defaultConfigurationName = Release;
		};
		7DD9C59A275E70EE00D5A5A8 /* Build configuration list for PBXNativeTarget "Dog Appp" */ = {
			isa = XCConfigurationList;
			buildConfigurations = (
				7DD9C59B275E70EE00D5A5A8 /* Debug */,
				7DD9C59C275E70EE00D5A5A8 /* Release */,
			);
			defaultConfigurationIsVisible = 0;
			defaultConfigurationName = Release;
		};
/* End XCConfigurationList section */
	};
	rootObject = 7DD9C584275E70ED00D5A5A8 /* Project object */;
}
